
Microsoft Visual Studio Solution File, Format Version 12.00
# Visual Studio Version 16
VisualStudioVersion = 16.0.32901.82
MinimumVisualStudioVersion = 10.0.40219.1
Project("{FAE04EC0-301F-11D3-BF4B-00C04F79EFBC}") = "my-books", "my-books\my-books.csproj", "{4567775D-D68E-4C83-99CD-E82F20E59272}"
EndProject
Global
	GlobalSection(SolutionConfigurationPlatforms) = preSolution
		Debug|Any CPU = Debug|Any CPU
		Release|Any CPU = Release|Any CPU
	EndGlobalSection
	GlobalSection(ProjectConfigurationPlatforms) = postSolution
		{4567775D-D68E-4C83-99CD-E82F20E59272}.Debug|Any CPU.ActiveCfg = Debug|Any CPU
		{4567775D-D68E-4C83-99CD-E82F20E59272}.Debug|Any CPU.Build.0 = Debug|Any CPU
		{4567775D-D68E-4C83-99CD-E82F20E59272}.Release|Any CPU.ActiveCfg = Release|Any CPU
		{4567775D-D68E-4C83-99CD-E82F20E59272}.Release|Any CPU.Build.0 = Release|Any CPU
	EndGlobalSection
	GlobalSection(SolutionProperties) = preSolution
		HideSolutionNode = FALSE
	EndGlobalSection
	GlobalSection(ExtensibilityGlobals) = postSolution
		SolutionGuid = {ECF3BB9C-0A64-436C-AF56-88C2144482B0}
	EndGlobalSection
EndGlobal
